Microsoft Visual Studio Solution File, Format Version 11.00
# Visual Studio 2008

Project("{977AA6A0-E367-D993-0CC3-E71AA271B928}") = "QuizWeb", "Assembly-CSharp-firstpass.csproj", "{5C380F53-FD9B-314A-E3A3-74B3AE18101A}"
EndProject
Project("{977AA6A0-E367-D993-0CC3-E71AA271B928}") = "QuizWeb", "Assembly-CSharp.csproj", "{83E024CF-D407-1B80-C5C6-548E37E985FD}"
EndProject
Project("{977AA6A0-E367-D993-0CC3-E71AA271B928}") = "QuizWeb", "Assembly-CSharp-Editor.csproj", "{66A85C58-132C-0EBC-3CCA-650E304C9193}"
EndProject
Global
	GlobalSection(SolutionConfigurationPlatforms) = preSolution
		Debug|Any CPU = Debug|Any CPU
		Release|Any CPU = Release|Any CPU
	EndGlobalSection
	GlobalSection(ProjectConfigurationPlatforms) = postSolution
		{5C380F53-FD9B-314A-E3A3-74B3AE18101A}.Debug|Any CPU.ActiveCfg = Debug|Any CPU
		{5C380F53-FD9B-314A-E3A3-74B3AE18101A}.Debug|Any CPU.Build.0 = Debug|Any CPU
		{5C380F53-FD9B-314A-E3A3-74B3AE18101A}.Release|Any CPU.ActiveCfg = Release|Any CPU
		{5C380F53-FD9B-314A-E3A3-74B3AE18101A}.Release|Any CPU.Build.0 = Release|Any CPU
		{83E024CF-D407-1B80-C5C6-548E37E985FD}.Debug|Any CPU.ActiveCfg = Debug|Any CPU
		{83E024CF-D407-1B80-C5C6-548E37E985FD}.Debug|Any CPU.Build.0 = Debug|Any CPU
		{83E024CF-D407-1B80-C5C6-548E37E985FD}.Release|Any CPU.ActiveCfg = Release|Any CPU
		{83E024CF-D407-1B80-C5C6-548E37E985FD}.Release|Any CPU.Build.0 = Release|Any CPU
		{66A85C58-132C-0EBC-3CCA-650E304C9193}.Debug|Any CPU.ActiveCfg = Debug|Any CPU
		{66A85C58-132C-0EBC-3CCA-650E304C9193}.Debug|Any CPU.Build.0 = Debug|Any CPU
		{66A85C58-132C-0EBC-3CCA-650E304C9193}.Release|Any CPU.ActiveCfg = Release|Any CPU
		{66A85C58-132C-0EBC-3CCA-650E304C9193}.Release|Any CPU.Build.0 = Release|Any CPU
	EndGlobalSection
	GlobalSection(SolutionProperties) = preSolution
		HideSolutionNode = FALSE
	EndGlobalSection
	GlobalSection(MonoDevelopProperties) = preSolution
		StartupItem = Assembly-CSharp.csproj
	EndGlobalSection
EndGlobal
